
Microsoft Visual Studio Solution File, Format Version 12.00
# Visual Studio Version 17
VisualStudioVersion = 17.0.31903.59
MinimumVisualStudioVersion = 10.0.40219.1
Project("{2150E333-8FDC-42A3-9474-1A3956D46DE8}") = "Models", "Models", "{803CB8AA-C336-45D2-B231-FD9CC6A937A4}"
EndProject
Project("{9A19103F-16F7-4668-BE54-9A1E7A4F7556}") = "Models.Constants", "src\Models\Models.Constants\Models.Constants.csproj", "{435FEFA3-007B-4076-B7C9-39AE69D30074}"
EndProject
Project("{2150E333-8FDC-42A3-9474-1A3956D46DE8}") = "Utilities", "Utilities", "{82BD962A-D4E8-49BE-98BF-3C337281F3D9}"
EndProject
Project("{2150E333-8FDC-42A3-9474-1A3956D46DE8}") = "Locator", "Locator", "{759AC146-3414-4BBE-B995-70589A6053D7}"
EndProject
Project("{2150E333-8FDC-42A3-9474-1A3956D46DE8}") = "Toolkit", "Toolkit", "{38B4A1BE-6391-4FD1-9186-D08C3DA572A5}"
EndProject
Project("{9A19103F-16F7-4668-BE54-9A1E7A4F7556}") = "Toolkit.Interfaces", "src\Utilities\Toolkit\Toolkit.Interfaces\Toolkit.Interfaces.csproj", "{1C092934-2881-453B-9986-EC1F4F2DCD4C}"
EndProject
Project("{9A19103F-16F7-4668-BE54-9A1E7A4F7556}") = "Toolkit.Desktop", "src\Utilities\Toolkit\Toolkit.Desktop\Toolkit.Desktop.csproj", "{2F5B3544-4950-4BE3-874A-F72F73F82252}"
EndProject
Project("{9A19103F-16F7-4668-BE54-9A1E7A4F7556}") = "Locator.Lib", "src\Utilities\Locator\Locator.Lib\Locator.Lib.csproj", "{8D1E7B97-2460-46F0-B055-04A0CB4D055D}"
EndProject
Project("{9A19103F-16F7-4668-BE54-9A1E7A4F7556}") = "CleanReader.App", "src\CleanReader.App\CleanReader.App.csproj", "{7EF65DE8-40C8-4BBE-89EC-429A6422CD73}"
EndProject
Project("{2150E333-8FDC-42A3-9474-1A3956D46DE8}") = "Services", "Services", "{A6B7005B-A01A-4A1B-AED6-32761E0BEE13}"
EndProject
Project("{9A19103F-16F7-4668-BE54-9A1E7A4F7556}") = "EpubService", "src\Services\EpubService\EpubService.csproj", "{26E83917-6F51-440A-8183-D5B1F9B1ED72}"
EndProject
Project("{9A19103F-16F7-4668-BE54-9A1E7A4F7556}") = "CleanReader.ConsoleApp", "src\CleanReader.ConsoleApp\CleanReader.ConsoleApp.csproj", "{62DE67CD-8995-4ED7-AF71-F873B447B2F5}"
EndProject
Project("{9A19103F-16F7-4668-BE54-9A1E7A4F7556}") = "NovelService", "src\Services\NovelService\NovelService.csproj", "{B91EBFCB-9A5F-4811-B88F-267B9EAFE96E}"
EndProject
Project("{2150E333-8FDC-42A3-9474-1A3956D46DE8}") = "ViewModels", "ViewModels", "{A668C5E9-0073-4814-A972-8859873D10EA}"
EndProject
Project("{9A19103F-16F7-4668-BE54-9A1E7A4F7556}") = "ViewModels.Desktop", "src\ViewModels\ViewModels.Desktop\ViewModels.Desktop.csproj", "{3FD37198-5CD4-49FE-8865-3BC637C9DFE4}"
EndProject
Project("{2150E333-8FDC-42A3-9474-1A3956D46DE8}") = "Generator", "Generator", "{9C1AEC4E-FC5B-40E2-B002-7E8DD1DB61AC}"
EndProject
Project("{9A19103F-16F7-4668-BE54-9A1E7A4F7556}") = "Generator.String", "src\Utilities\Generator\Generator.String\Generator.String.csproj", "{3D6C55E9-1D46-455A-B4D1-388478D84C65}"
EndProject
Project("{9A19103F-16F7-4668-BE54-9A1E7A4F7556}") = "Models.Resources", "src\Models\Models.Resources\Models.Resources.csproj", "{10B4B99C-921B-4FE3-8D74-F7B99E1E0683}"
EndProject
Project("{C7167F0D-BC9F-4E6E-AFE1-012C56B48DB5}") = "CleanReader.Bundle", "src\CleanReader.Bundle\CleanReader.Bundle.wapproj", "{64274AD4-38AE-40A8-AF6A-991A4CADA173}"
EndProject
Project("{9A19103F-16F7-4668-BE54-9A1E7A4F7556}") = "Models.App", "src\Models\Models.App\Models.App.csproj", "{FB96C99C-7408-467D-8FB9-0DB844DB7C64}"
EndProject
Project("{9A19103F-16F7-4668-BE54-9A1E7A4F7556}") = "Models.DataBase", "src\Models\Models.DataBase\Models.DataBase.csproj", "{05DE3A16-ABEF-4951-BD8D-6822EAFB3139}"
EndProject
Project("{9A19103F-16F7-4668-BE54-9A1E7A4F7556}") = "CleanReader.Core", "src\CleanReader.Core\CleanReader.Core.csproj", "{E73D6710-BD64-4EFB-9CC8-D11D3B80B532}"
EndProject
Global
	GlobalSection(SolutionConfigurationPlatforms) = preSolution
		Debug|Any CPU = Debug|Any CPU
		Debug|ARM = Debug|ARM
		Debug|arm64 = Debug|arm64
		Debug|x64 = Debug|x64
		Debug|x86 = Debug|x86
		Release|Any CPU = Release|Any CPU
		Release|ARM = Release|ARM
		Release|arm64 = Release|arm64
		Release|x64 = Release|x64
		Release|x86 = Release|x86
	EndGlobalSection
	GlobalSection(ProjectConfigurationPlatforms) = postSolution
		{435FEFA3-007B-4076-B7C9-39AE69D30074}.Debug|Any CPU.ActiveCfg = Debug|Any CPU
		{435FEFA3-007B-4076-B7C9-39AE69D30074}.Debug|Any CPU.Build.0 = Debug|Any CPU
		{435FEFA3-007B-4076-B7C9-39AE69D30074}.Debug|ARM.ActiveCfg = Debug|Any CPU
		{435FEFA3-007B-4076-B7C9-39AE69D30074}.Debug|ARM.Build.0 = Debug|Any CPU
		{435FEFA3-007B-4076-B7C9-39AE69D30074}.Debug|arm64.ActiveCfg = Debug|Any CPU
		{435FEFA3-007B-4076-B7C9-39AE69D30074}.Debug|arm64.Build.0 = Debug|Any CPU
		{435FEFA3-007B-4076-B7C9-39AE69D30074}.Debug|x64.ActiveCfg = Debug|x64
		{435FEFA3-007B-4076-B7C9-39AE69D30074}.Debug|x64.Build.0 = Debug|x64
		{435FEFA3-007B-4076-B7C9-39AE69D30074}.Debug|x86.ActiveCfg = Debug|x86
		{435FEFA3-007B-4076-B7C9-39AE69D30074}.Debug|x86.Build.0 = Debug|x86
		{435FEFA3-007B-4076-B7C9-39AE69D30074}.Release|Any CPU.ActiveCfg = Release|Any CPU
		{435FEFA3-007B-4076-B7C9-39AE69D30074}.Release|Any CPU.Build.0 = Release|Any CPU
		{435FEFA3-007B-4076-B7C9-39AE69D30074}.Release|ARM.ActiveCfg = Release|Any CPU
		{435FEFA3-007B-4076-B7C9-39AE69D30074}.Release|ARM.Build.0 = Release|Any CPU
		{435FEFA3-007B-4076-B7C9-39AE69D30074}.Release|arm64.ActiveCfg = Release|ARM64
		{435FEFA3-007B-4076-B7C9-39AE69D30074}.Release|arm64.Build.0 = Release|ARM64
		{435FEFA3-007B-4076-B7C9-39AE69D30074}.Release|x64.ActiveCfg = Release|x64
		{435FEFA3-007B-4076-B7C9-39AE69D30074}.Release|x64.Build.0 = Release|x64
		{435FEFA3-007B-4076-B7C9-39AE69D30074}.Release|x86.ActiveCfg = Release|x86
		{435FEFA3-007B-4076-B7C9-39AE69D30074}.Release|x86.Build.0 = Release|x86
		{1C092934-2881-453B-9986-EC1F4F2DCD4C}.Debug|Any CPU.ActiveCfg = Debug|Any CPU
		{1C092934-2881-453B-9986-EC1F4F2DCD4C}.Debug|Any CPU.Build.0 = Debug|Any CPU
		{1C092934-2881-453B-9986-EC1F4F2DCD4C}.Debug|ARM.ActiveCfg = Debug|Any CPU
		{1C092934-2881-453B-9986-EC1F4F2DCD4C}.Debug|ARM.Build.0 = Debug|Any CPU
		{1C092934-2881-453B-9986-EC1F4F2DCD4C}.Debug|arm64.ActiveCfg = Debug|Any CPU
		{1C092934-2881-453B-9986-EC1F4F2DCD4C}.Debug|arm64.Build.0 = Debug|Any CPU
		{1C092934-2881-453B-9986-EC1F4F2DCD4C}.Debug|x64.ActiveCfg = Debug|x64
		{1C092934-2881-453B-9986-EC1F4F2DCD4C}.Debug|x64.Build.0 = Debug|x64
		{1C092934-2881-453B-9986-EC1F4F2DCD4C}.Debug|x86.ActiveCfg = Debug|Any CPU
		{1C092934-2881-453B-9986-EC1F4F2DCD4C}.Debug|x86.Build.0 = Debug|Any CPU
		{1C092934-2881-453B-9986-EC1F4F2DCD4C}.Release|Any CPU.ActiveCfg = Release|Any CPU
		{1C092934-2881-453B-9986-EC1F4F2DCD4C}.Release|Any CPU.Build.0 = Release|Any CPU
		{1C092934-2881-453B-9986-EC1F4F2DCD4C}.Release|ARM.ActiveCfg = Release|Any CPU
		{1C092934-2881-453B-9986-EC1F4F2DCD4C}.Release|ARM.Build.0 = Release|Any CPU
		{1C092934-2881-453B-9986-EC1F4F2DCD4C}.Release|arm64.ActiveCfg = Release|ARM64
		{1C092934-2881-453B-9986-EC1F4F2DCD4C}.Release|arm64.Build.0 = Release|ARM64
		{1C092934-2881-453B-9986-EC1F4F2DCD4C}.Release|x64.ActiveCfg = Release|x64
		{1C092934-2881-453B-9986-EC1F4F2DCD4C}.Release|x64.Build.0 = Release|x64
		{1C092934-2881-453B-9986-EC1F4F2DCD4C}.Release|x86.ActiveCfg = Release|x86
		{1C092934-2881-453B-9986-EC1F4F2DCD4C}.Release|x86.Build.0 = Release|x86
		{2F5B3544-4950-4BE3-874A-F72F73F82252}.Debug|Any CPU.ActiveCfg = Debug|Any CPU
		{2F5B3544-4950-4BE3-874A-F72F73F82252}.Debug|Any CPU.Build.0 = Debug|Any CPU
		{2F5B3544-4950-4BE3-874A-F72F73F82252}.Debug|ARM.ActiveCfg = Debug|Any CPU
		{2F5B3544-4950-4BE3-874A-F72F73F82252}.Debug|ARM.Build.0 = Debug|Any CPU
		{2F5B3544-4950-4BE3-874A-F72F73F82252}.Debug|arm64.ActiveCfg = Debug|Any CPU
		{2F5B3544-4950-4BE3-874A-F72F73F82252}.Debug|arm64.Build.0 = Debug|Any CPU
		{2F5B3544-4950-4BE3-874A-F72F73F82252}.Debug|x64.ActiveCfg = Debug|x64
		{2F5B3544-4950-4BE3-874A-F72F73F82252}.Debug|x64.Build.0 = Debug|x64
		{2F5B3544-4950-4BE3-874A-F72F73F82252}.Debug|x86.ActiveCfg = Debug|Any CPU
		{2F5B3544-4950-4BE3-874A-F72F73F82252}.Debug|x86.Build.0 = Debug|Any CPU
		{2F5B3544-4950-4BE3-874A-F72F73F82252}.Release|Any CPU.ActiveCfg = Release|Any CPU
		{2F5B3544-4950-4BE3-874A-F72F73F82252}.Release|Any CPU.Build.0 = Release|Any CPU
		{2F5B3544-4950-4BE3-874A-F72F73F82252}.Release|ARM.ActiveCfg = Release|Any CPU
		{2F5B3544-4950-4BE3-874A-F72F73F82252}.Release|ARM.Build.0 = Release|Any CPU
		{2F5B3544-4950-4BE3-874A-F72F73F82252}.Release|arm64.ActiveCfg = Release|ARM64
		{2F5B3544-4950-4BE3-874A-F72F73F82252}.Release|arm64.Build.0 = Release|ARM64
		{2F5B3544-4950-4BE3-874A-F72F73F82252}.Release|x64.ActiveCfg = Release|x64
		{2F5B3544-4950-4BE3-874A-F72F73F82252}.Release|x64.Build.0 = Release|x64
		{2F5B3544-4950-4BE3-874A-F72F73F82252}.Release|x86.ActiveCfg = Release|x86
		{2F5B3544-4950-4BE3-874A-F72F73F82252}.Release|x86.Build.0 = Release|x86
		{8D1E7B97-2460-46F0-B055-04A0CB4D055D}.Debug|Any CPU.ActiveCfg = Debug|Any CPU
		{8D1E7B97-2460-46F0-B055-04A0CB4D055D}.Debug|Any CPU.Build.0 = Debug|Any CPU
		{8D1E7B97-2460-46F0-B055-04A0CB4D055D}.Debug|ARM.ActiveCfg = Debug|Any CPU
		{8D1E7B97-2460-46F0-B055-04A0CB4D055D}.Debug|ARM.Build.0 = Debug|Any CPU
		{8D1E7B97-2460-46F0-B055-04A0CB4D055D}.Debug|arm64.ActiveCfg = Debug|Any CPU
		{8D1E7B97-2460-46F0-B055-04A0CB4D055D}.Debug|arm64.Build.0 = Debug|Any CPU
		{8D1E7B97-2460-46F0-B055-04A0CB4D055D}.Debug|x64.ActiveCfg = Debug|x64
		{8D1E7B97-2460-46F0-B055-04A0CB4D055D}.Debug|x64.Build.0 = Debug|x64
		{8D1E7B97-2460-46F0-B055-04A0CB4D055D}.Debug|x86.ActiveCfg = Debug|Any CPU
		{8D1E7B97-2460-46F0-B055-04A0CB4D055D}.Debug|x86.Build.0 = Debug|Any CPU
		{8D1E7B97-2460-46F0-B055-04A0CB4D055D}.Release|Any CPU.ActiveCfg = Release|Any CPU
		{8D1E7B97-2460-46F0-B055-04A0CB4D055D}.Release|Any CPU.Build.0 = Release|Any CPU
		{8D1E7B97-2460-46F0-B055-04A0CB4D055D}.Release|ARM.ActiveCfg = Release|Any CPU
		{8D1E7B97-2460-46F0-B055-04A0CB4D055D}.Release|ARM.Build.0 = Release|Any CPU
		{8D1E7B97-2460-46F0-B055-04A0CB4D055D}.Release|arm64.ActiveCfg = Release|ARM64
		{8D1E7B97-2460-46F0-B055-04A0CB4D055D}.Release|arm64.Build.0 = Release|ARM64
		{8D1E7B97-2460-46F0-B055-04A0CB4D055D}.Release|x64.ActiveCfg = Release|x64
		{8D1E7B97-2460-46F0-B055-04A0CB4D055D}.Release|x64.Build.0 = Release|x64
		{8D1E7B97-2460-46F0-B055-04A0CB4D055D}.Release|x86.ActiveCfg = Release|x86
		{8D1E7B97-2460-46F0-B055-04A0CB4D055D}.Release|x86.Build.0 = Release|x86
		{7EF65DE8-40C8-4BBE-89EC-429A6422CD73}.Debug|Any CPU.ActiveCfg = Debug|x64
		{7EF65DE8-40C8-4BBE-89EC-429A6422CD73}.Debug|Any CPU.Build.0 = Debug|x64
		{7EF65DE8-40C8-4BBE-89EC-429A6422CD73}.Debug|Any CPU.Deploy.0 = Debug|x64
		{7EF65DE8-40C8-4BBE-89EC-429A6422CD73}.Debug|ARM.ActiveCfg = Debug|x64
		{7EF65DE8-40C8-4BBE-89EC-429A6422CD73}.Debug|ARM.Build.0 = Debug|x64
		{7EF65DE8-40C8-4BBE-89EC-429A6422CD73}.Debug|ARM.Deploy.0 = Debug|x64
		{7EF65DE8-40C8-4BBE-89EC-429A6422CD73}.Debug|arm64.ActiveCfg = Debug|arm64
		{7EF65DE8-40C8-4BBE-89EC-429A6422CD73}.Debug|arm64.Build.0 = Debug|arm64
		{7EF65DE8-40C8-4BBE-89EC-429A6422CD73}.Debug|arm64.Deploy.0 = Debug|arm64
		{7EF65DE8-40C8-4BBE-89EC-429A6422CD73}.Debug|x64.ActiveCfg = Debug|x64
		{7EF65DE8-40C8-4BBE-89EC-429A6422CD73}.Debug|x64.Build.0 = Debug|x64
		{7EF65DE8-40C8-4BBE-89EC-429A6422CD73}.Debug|x64.Deploy.0 = Debug|x64
		{7EF65DE8-40C8-4BBE-89EC-429A6422CD73}.Debug|x86.ActiveCfg = Debug|x86
		{7EF65DE8-40C8-4BBE-89EC-429A6422CD73}.Debug|x86.Build.0 = Debug|x86
		{7EF65DE8-40C8-4BBE-89EC-429A6422CD73}.Debug|x86.Deploy.0 = Debug|x86
		{7EF65DE8-40C8-4BBE-89EC-429A6422CD73}.Release|Any CPU.ActiveCfg = Release|x64
		{7EF65DE8-40C8-4BBE-89EC-429A6422CD73}.Release|Any CPU.Build.0 = Release|x64
		{7EF65DE8-40C8-4BBE-89EC-429A6422CD73}.Release|Any CPU.Deploy.0 = Release|x64
		{7EF65DE8-40C8-4BBE-89EC-429A6422CD73}.Release|ARM.ActiveCfg = Release|x64
		{7EF65DE8-40C8-4BBE-89EC-429A6422CD73}.Release|ARM.Build.0 = Release|x64
		{7EF65DE8-40C8-4BBE-89EC-429A6422CD73}.Release|ARM.Deploy.0 = Release|x64
		{7EF65DE8-40C8-4BBE-89EC-429A6422CD73}.Release|arm64.ActiveCfg = Release|arm64
		{7EF65DE8-40C8-4BBE-89EC-429A6422CD73}.Release|arm64.Build.0 = Release|arm64
		{7EF65DE8-40C8-4BBE-89EC-429A6422CD73}.Release|arm64.Deploy.0 = Release|arm64
		{7EF65DE8-40C8-4BBE-89EC-429A6422CD73}.Release|x64.ActiveCfg = Release|x64
		{7EF65DE8-40C8-4BBE-89EC-429A6422CD73}.Release|x64.Build.0 = Release|x64
		{7EF65DE8-40C8-4BBE-89EC-429A6422CD73}.Release|x64.Deploy.0 = Release|x64
		{7EF65DE8-40C8-4BBE-89EC-429A6422CD73}.Release|x86.ActiveCfg = Release|x86
		{7EF65DE8-40C8-4BBE-89EC-429A6422CD73}.Release|x86.Build.0 = Release|x86
		{7EF65DE8-40C8-4BBE-89EC-429A6422CD73}.Release|x86.Deploy.0 = Release|x86
		{26E83917-6F51-440A-8183-D5B1F9B1ED72}.Debug|Any CPU.ActiveCfg = Debug|Any CPU
		{26E83917-6F51-440A-8183-D5B1F9B1ED72}.Debug|Any CPU.Build.0 = Debug|Any CPU
		{26E83917-6F51-440A-8183-D5B1F9B1ED72}.Debug|ARM.ActiveCfg = Debug|Any CPU
		{26E83917-6F51-440A-8183-D5B1F9B1ED72}.Debug|ARM.Build.0 = Debug|Any CPU
		{26E83917-6F51-440A-8183-D5B1F9B1ED72}.Debug|arm64.ActiveCfg = Debug|Any CPU
		{26E83917-6F51-440A-8183-D5B1F9B1ED72}.Debug|arm64.Build.0 = Debug|Any CPU
		{26E83917-6F51-440A-8183-D5B1F9B1ED72}.Debug|x64.ActiveCfg = Debug|x64
		{26E83917-6F51-440A-8183-D5B1F9B1ED72}.Debug|x64.Build.0 = Debug|x64
		{26E83917-6F51-440A-8183-D5B1F9B1ED72}.Debug|x86.ActiveCfg = Debug|Any CPU
		{26E83917-6F51-440A-8183-D5B1F9B1ED72}.Debug|x86.Build.0 = Debug|Any CPU
		{26E83917-6F51-440A-8183-D5B1F9B1ED72}.Release|Any CPU.ActiveCfg = Release|Any CPU
		{26E83917-6F51-440A-8183-D5B1F9B1ED72}.Release|Any CPU.Build.0 = Release|Any CPU
		{26E83917-6F51-440A-8183-D5B1F9B1ED72}.Release|ARM.ActiveCfg = Release|Any CPU
		{26E83917-6F51-440A-8183-D5B1F9B1ED72}.Release|ARM.Build.0 = Release|Any CPU
		{26E83917-6F51-440A-8183-D5B1F9B1ED72}.Release|arm64.ActiveCfg = Release|ARM64
		{26E83917-6F51-440A-8183-D5B1F9B1ED72}.Release|arm64.Build.0 = Release|ARM64
		{26E83917-6F51-440A-8183-D5B1F9B1ED72}.Release|x64.ActiveCfg = Release|x64
		{26E83917-6F51-440A-8183-D5B1F9B1ED72}.Release|x64.Build.0 = Release|x64
		{26E83917-6F51-440A-8183-D5B1F9B1ED72}.Release|x86.ActiveCfg = Release|x86
		{26E83917-6F51-440A-8183-D5B1F9B1ED72}.Release|x86.Build.0 = Release|x86
		{62DE67CD-8995-4ED7-AF71-F873B447B2F5}.Debug|Any CPU.ActiveCfg = Debug|Any CPU
		{62DE67CD-8995-4ED7-AF71-F873B447B2F5}.Debug|Any CPU.Build.0 = Debug|Any CPU
		{62DE67CD-8995-4ED7-AF71-F873B447B2F5}.Debug|ARM.ActiveCfg = Debug|Any CPU
		{62DE67CD-8995-4ED7-AF71-F873B447B2F5}.Debug|ARM.Build.0 = Debug|Any CPU
		{62DE67CD-8995-4ED7-AF71-F873B447B2F5}.Debug|arm64.ActiveCfg = Debug|Any CPU
		{62DE67CD-8995-4ED7-AF71-F873B447B2F5}.Debug|arm64.Build.0 = Debug|Any CPU
		{62DE67CD-8995-4ED7-AF71-F873B447B2F5}.Debug|x64.ActiveCfg = Debug|Any CPU
		{62DE67CD-8995-4ED7-AF71-F873B447B2F5}.Debug|x86.ActiveCfg = Debug|Any CPU
		{62DE67CD-8995-4ED7-AF71-F873B447B2F5}.Debug|x86.Build.0 = Debug|Any CPU
		{62DE67CD-8995-4ED7-AF71-F873B447B2F5}.Release|Any CPU.ActiveCfg = Release|Any CPU
		{62DE67CD-8995-4ED7-AF71-F873B447B2F5}.Release|Any CPU.Build.0 = Release|Any CPU
		{62DE67CD-8995-4ED7-AF71-F873B447B2F5}.Release|ARM.ActiveCfg = Release|Any CPU
		{62DE67CD-8995-4ED7-AF71-F873B447B2F5}.Release|ARM.Build.0 = Release|Any CPU
		{62DE67CD-8995-4ED7-AF71-F873B447B2F5}.Release|arm64.ActiveCfg = Release|ARM64
		{62DE67CD-8995-4ED7-AF71-F873B447B2F5}.Release|arm64.Build.0 = Release|ARM64
		{62DE67CD-8995-4ED7-AF71-F873B447B2F5}.Release|x64.ActiveCfg = Release|x64
		{62DE67CD-8995-4ED7-AF71-F873B447B2F5}.Release|x64.Build.0 = Release|x64
		{62DE67CD-8995-4ED7-AF71-F873B447B2F5}.Release|x86.ActiveCfg = Release|x86
		{62DE67CD-8995-4ED7-AF71-F873B447B2F5}.Release|x86.Build.0 = Release|x86
		{B91EBFCB-9A5F-4811-B88F-267B9EAFE96E}.Debug|Any CPU.ActiveCfg = Debug|Any CPU
		{B91EBFCB-9A5F-4811-B88F-267B9EAFE96E}.Debug|Any CPU.Build.0 = Debug|Any CPU
		{B91EBFCB-9A5F-4811-B88F-267B9EAFE96E}.Debug|ARM.ActiveCfg = Debug|Any CPU
		{B91EBFCB-9A5F-4811-B88F-267B9EAFE96E}.Debug|ARM.Build.0 = Debug|Any CPU
		{B91EBFCB-9A5F-4811-B88F-267B9EAFE96E}.Debug|arm64.ActiveCfg = Debug|Any CPU
		{B91EBFCB-9A5F-4811-B88F-267B9EAFE96E}.Debug|arm64.Build.0 = Debug|Any CPU
		{B91EBFCB-9A5F-4811-B88F-267B9EAFE96E}.Debug|x64.ActiveCfg = Debug|x64
		{B91EBFCB-9A5F-4811-B88F-267B9EAFE96E}.Debug|x64.Build.0 = Debug|x64
		{B91EBFCB-9A5F-4811-B88F-267B9EAFE96E}.Debug|x86.ActiveCfg = Debug|Any CPU
		{B91EBFCB-9A5F-4811-B88F-267B9EAFE96E}.Debug|x86.Build.0 = Debug|Any CPU
		{B91EBFCB-9A5F-4811-B88F-267B9EAFE96E}.Release|Any CPU.ActiveCfg = Release|Any CPU
		{B91EBFCB-9A5F-4811-B88F-267B9EAFE96E}.Release|Any CPU.Build.0 = Release|Any CPU
		{B91EBFCB-9A5F-4811-B88F-267B9EAFE96E}.Release|ARM.ActiveCfg = Release|Any CPU
		{B91EBFCB-9A5F-4811-B88F-267B9EAFE96E}.Release|ARM.Build.0 = Release|Any CPU
		{B91EBFCB-9A5F-4811-B88F-267B9EAFE96E}.Release|arm64.ActiveCfg = Release|ARM64
		{B91EBFCB-9A5F-4811-B88F-267B9EAFE96E}.Release|arm64.Build.0 = Release|ARM64
		{B91EBFCB-9A5F-4811-B88F-267B9EAFE96E}.Release|x64.ActiveCfg = Release|x64
		{B91EBFCB-9A5F-4811-B88F-267B9EAFE96E}.Release|x64.Build.0 = Release|x64
		{B91EBFCB-9A5F-4811-B88F-267B9EAFE96E}.Release|x86.ActiveCfg = Release|x86
		{B91EBFCB-9A5F-4811-B88F-267B9EAFE96E}.Release|x86.Build.0 = Release|x86
		{3FD37198-5CD4-49FE-8865-3BC637C9DFE4}.Debug|Any CPU.ActiveCfg = Debug|Any CPU
		{3FD37198-5CD4-49FE-8865-3BC637C9DFE4}.Debug|Any CPU.Build.0 = Debug|Any CPU
		{3FD37198-5CD4-49FE-8865-3BC637C9DFE4}.Debug|ARM.ActiveCfg = Debug|Any CPU
		{3FD37198-5CD4-49FE-8865-3BC637C9DFE4}.Debug|ARM.Build.0 = Debug|Any CPU
		{3FD37198-5CD4-49FE-8865-3BC637C9DFE4}.Debug|arm64.ActiveCfg = Debug|Any CPU
		{3FD37198-5CD4-49FE-8865-3BC637C9DFE4}.Debug|arm64.Build.0 = Debug|Any CPU
		{3FD37198-5CD4-49FE-8865-3BC637C9DFE4}.Debug|x64.ActiveCfg = Debug|x64
		{3FD37198-5CD4-49FE-8865-3BC637C9DFE4}.Debug|x64.Build.0 = Debug|x64
		{3FD37198-5CD4-49FE-8865-3BC637C9DFE4}.Debug|x86.ActiveCfg = Debug|Any CPU
		{3FD37198-5CD4-49FE-8865-3BC637C9DFE4}.Debug|x86.Build.0 = Debug|Any CPU
		{3FD37198-5CD4-49FE-8865-3BC637C9DFE4}.Release|Any CPU.ActiveCfg = Release|Any CPU
		{3FD37198-5CD4-49FE-8865-3BC637C9DFE4}.Release|Any CPU.Build.0 = Release|Any CPU
		{3FD37198-5CD4-49FE-8865-3BC637C9DFE4}.Release|ARM.ActiveCfg = Release|Any CPU
		{3FD37198-5CD4-49FE-8865-3BC637C9DFE4}.Release|ARM.Build.0 = Release|Any CPU
		{3FD37198-5CD4-49FE-8865-3BC637C9DFE4}.Release|arm64.ActiveCfg = Release|ARM64
		{3FD37198-5CD4-49FE-8865-3BC637C9DFE4}.Release|arm64.Build.0 = Release|ARM64
		{3FD37198-5CD4-49FE-8865-3BC637C9DFE4}.Release|x64.ActiveCfg = Release|x64
		{3FD37198-5CD4-49FE-8865-3BC637C9DFE4}.Release|x64.Build.0 = Release|x64
		{3FD37198-5CD4-49FE-8865-3BC637C9DFE4}.Release|x86.ActiveCfg = Release|x86
		{3FD37198-5CD4-49FE-8865-3BC637C9DFE4}.Release|x86.Build.0 = Release|x86
		{3D6C55E9-1D46-455A-B4D1-388478D84C65}.Debug|Any CPU.ActiveCfg = Debug|Any CPU
		{3D6C55E9-1D46-455A-B4D1-388478D84C65}.Debug|Any CPU.Build.0 = Debug|Any CPU
		{3D6C55E9-1D46-455A-B4D1-388478D84C65}.Debug|ARM.ActiveCfg = Debug|Any CPU
		{3D6C55E9-1D46-455A-B4D1-388478D84C65}.Debug|ARM.Build.0 = Debug|Any CPU
		{3D6C55E9-1D46-455A-B4D1-388478D84C65}.Debug|arm64.ActiveCfg = Debug|Any CPU
		{3D6C55E9-1D46-455A-B4D1-388478D84C65}.Debug|arm64.Build.0 = Debug|Any CPU
		{3D6C55E9-1D46-455A-B4D1-388478D84C65}.Debug|x64.ActiveCfg = Debug|x64
		{3D6C55E9-1D46-455A-B4D1-388478D84C65}.Debug|x64.Build.0 = Debug|x64
		{3D6C55E9-1D46-455A-B4D1-388478D84C65}.Debug|x86.ActiveCfg = Debug|Any CPU
		{3D6C55E9-1D46-455A-B4D1-388478D84C65}.Debug|x86.Build.0 = Debug|Any CPU
		{3D6C55E9-1D46-455A-B4D1-388478D84C65}.Release|Any CPU.ActiveCfg = Release|Any CPU
		{3D6C55E9-1D46-455A-B4D1-388478D84C65}.Release|Any CPU.Build.0 = Release|Any CPU
		{3D6C55E9-1D46-455A-B4D1-388478D84C65}.Release|ARM.ActiveCfg = Release|Any CPU
		{3D6C55E9-1D46-455A-B4D1-388478D84C65}.Release|ARM.Build.0 = Release|Any CPU
		{3D6C55E9-1D46-455A-B4D1-388478D84C65}.Release|arm64.ActiveCfg = Release|Any CPU
		{3D6C55E9-1D46-455A-B4D1-388478D84C65}.Release|arm64.Build.0 = Release|Any CPU
		{3D6C55E9-1D46-455A-B4D1-388478D84C65}.Release|x64.ActiveCfg = Release|x64
		{3D6C55E9-1D46-455A-B4D1-388478D84C65}.Release|x64.Build.0 = Release|x64
		{3D6C55E9-1D46-455A-B4D1-388478D84C65}.Release|x86.ActiveCfg = Release|x86
		{3D6C55E9-1D46-455A-B4D1-388478D84C65}.Release|x86.Build.0 = Release|x86
		{10B4B99C-921B-4FE3-8D74-F7B99E1E0683}.Debug|Any CPU.ActiveCfg = Debug|Any CPU
		{10B4B99C-921B-4FE3-8D74-F7B99E1E0683}.Debug|Any CPU.Build.0 = Debug|Any CPU
		{10B4B99C-921B-4FE3-8D74-F7B99E1E0683}.Debug|ARM.ActiveCfg = Debug|Any CPU
		{10B4B99C-921B-4FE3-8D74-F7B99E1E0683}.Debug|ARM.Build.0 = Debug|Any CPU
		{10B4B99C-921B-4FE3-8D74-F7B99E1E0683}.Debug|arm64.ActiveCfg = Debug|Any CPU
		{10B4B99C-921B-4FE3-8D74-F7B99E1E0683}.Debug|arm64.Build.0 = Debug|Any CPU
		{10B4B99C-921B-4FE3-8D74-F7B99E1E0683}.Debug|x64.ActiveCfg = Debug|x64
		{10B4B99C-921B-4FE3-8D74-F7B99E1E0683}.Debug|x64.Build.0 = Debug|x64
		{10B4B99C-921B-4FE3-8D74-F7B99E1E0683}.Debug|x86.ActiveCfg = Debug|Any CPU
		{10B4B99C-921B-4FE3-8D74-F7B99E1E0683}.Debug|x86.Build.0 = Debug|Any CPU
		{10B4B99C-921B-4FE3-8D74-F7B99E1E0683}.Release|Any CPU.ActiveCfg = Release|Any CPU
		{10B4B99C-921B-4FE3-8D74-F7B99E1E0683}.Release|Any CPU.Build.0 = Release|Any CPU
		{10B4B99C-921B-4FE3-8D74-F7B99E1E0683}.Release|ARM.ActiveCfg = Release|Any CPU
		{10B4B99C-921B-4FE3-8D74-F7B99E1E0683}.Release|ARM.Build.0 = Release|Any CPU
		{10B4B99C-921B-4FE3-8D74-F7B99E1E0683}.Release|arm64.ActiveCfg = Release|ARM64
		{10B4B99C-921B-4FE3-8D74-F7B99E1E0683}.Release|arm64.Build.0 = Release|ARM64
		{10B4B99C-921B-4FE3-8D74-F7B99E1E0683}.Release|x64.ActiveCfg = Release|x64
		{10B4B99C-921B-4FE3-8D74-F7B99E1E0683}.Release|x64.Build.0 = Release|x64
		{10B4B99C-921B-4FE3-8D74-F7B99E1E0683}.Release|x86.ActiveCfg = Release|x86
		{10B4B99C-921B-4FE3-8D74-F7B99E1E0683}.Release|x86.Build.0 = Release|x86
		{64274AD4-38AE-40A8-AF6A-991A4CADA173}.Debug|Any CPU.ActiveCfg = Debug|Any CPU
		{64274AD4-38AE-40A8-AF6A-991A4CADA173}.Debug|Any CPU.Build.0 = Debug|Any CPU
		{64274AD4-38AE-40A8-AF6A-991A4CADA173}.Debug|Any CPU.Deploy.0 = Debug|Any CPU
		{64274AD4-38AE-40A8-AF6A-991A4CADA173}.Debug|ARM.ActiveCfg = Debug|ARM
		{64274AD4-38AE-40A8-AF6A-991A4CADA173}.Debug|ARM.Build.0 = Debug|ARM
		{64274AD4-38AE-40A8-AF6A-991A4CADA173}.Debug|ARM.Deploy.0 = Debug|ARM
		{64274AD4-38AE-40A8-AF6A-991A4CADA173}.Debug|arm64.ActiveCfg = Debug|ARM64
		{64274AD4-38AE-40A8-AF6A-991A4CADA173}.Debug|arm64.Build.0 = Debug|ARM64
		{64274AD4-38AE-40A8-AF6A-991A4CADA173}.Debug|arm64.Deploy.0 = Debug|ARM64
		{64274AD4-38AE-40A8-AF6A-991A4CADA173}.Debug|x64.ActiveCfg = Debug|x64
		{64274AD4-38AE-40A8-AF6A-991A4CADA173}.Debug|x64.Build.0 = Debug|x64
		{64274AD4-38AE-40A8-AF6A-991A4CADA173}.Debug|x64.Deploy.0 = Debug|x64
		{64274AD4-38AE-40A8-AF6A-991A4CADA173}.Debug|x86.ActiveCfg = Debug|x86
		{64274AD4-38AE-40A8-AF6A-991A4CADA173}.Debug|x86.Build.0 = Debug|x86
		{64274AD4-38AE-40A8-AF6A-991A4CADA173}.Debug|x86.Deploy.0 = Debug|x86
		{64274AD4-38AE-40A8-AF6A-991A4CADA173}.Release|Any CPU.ActiveCfg = Release|Any CPU
		{64274AD4-38AE-40A8-AF6A-991A4CADA173}.Release|Any CPU.Build.0 = Release|Any CPU
		{64274AD4-38AE-40A8-AF6A-991A4CADA173}.Release|Any CPU.Deploy.0 = Release|Any CPU
		{64274AD4-38AE-40A8-AF6A-991A4CADA173}.Release|ARM.ActiveCfg = Release|ARM
		{64274AD4-38AE-40A8-AF6A-991A4CADA173}.Release|ARM.Build.0 = Release|ARM
		{64274AD4-38AE-40A8-AF6A-991A4CADA173}.Release|ARM.Deploy.0 = Release|ARM
		{64274AD4-38AE-40A8-AF6A-991A4CADA173}.Release|arm64.ActiveCfg = Release|ARM64
		{64274AD4-38AE-40A8-AF6A-991A4CADA173}.Release|arm64.Build.0 = Release|ARM64
		{64274AD4-38AE-40A8-AF6A-991A4CADA173}.Release|arm64.Deploy.0 = Release|ARM64
		{64274AD4-38AE-40A8-AF6A-991A4CADA173}.Release|x64.ActiveCfg = Release|x64
		{64274AD4-38AE-40A8-AF6A-991A4CADA173}.Release|x64.Build.0 = Release|x64
		{64274AD4-38AE-40A8-AF6A-991A4CADA173}.Release|x64.Deploy.0 = Release|x64
		{64274AD4-38AE-40A8-AF6A-991A4CADA173}.Release|x86.ActiveCfg = Release|x86
		{64274AD4-38AE-40A8-AF6A-991A4CADA173}.Release|x86.Build.0 = Release|x86
		{64274AD4-38AE-40A8-AF6A-991A4CADA173}.Release|x86.Deploy.0 = Release|x86
		{FB96C99C-7408-467D-8FB9-0DB844DB7C64}.Debug|Any CPU.ActiveCfg = Debug|Any CPU
		{FB96C99C-7408-467D-8FB9-0DB844DB7C64}.Debug|Any CPU.Build.0 = Debug|Any CPU
		{FB96C99C-7408-467D-8FB9-0DB844DB7C64}.Debug|ARM.ActiveCfg = Debug|Any CPU
		{FB96C99C-7408-467D-8FB9-0DB844DB7C64}.Debug|ARM.Build.0 = Debug|Any CPU
		{FB96C99C-7408-467D-8FB9-0DB844DB7C64}.Debug|arm64.ActiveCfg = Debug|Any CPU
		{FB96C99C-7408-467D-8FB9-0DB844DB7C64}.Debug|arm64.Build.0 = Debug|Any CPU
		{FB96C99C-7408-467D-8FB9-0DB844DB7C64}.Debug|x64.ActiveCfg = Debug|x64
		{FB96C99C-7408-467D-8FB9-0DB844DB7C64}.Debug|x64.Build.0 = Debug|x64
		{FB96C99C-7408-467D-8FB9-0DB844DB7C64}.Debug|x86.ActiveCfg = Debug|Any CPU
		{FB96C99C-7408-467D-8FB9-0DB844DB7C64}.Debug|x86.Build.0 = Debug|Any CPU
		{FB96C99C-7408-467D-8FB9-0DB844DB7C64}.Release|Any CPU.ActiveCfg = Release|Any CPU
		{FB96C99C-7408-467D-8FB9-0DB844DB7C64}.Release|Any CPU.Build.0 = Release|Any CPU
		{FB96C99C-7408-467D-8FB9-0DB844DB7C64}.Release|ARM.ActiveCfg = Release|Any CPU
		{FB96C99C-7408-467D-8FB9-0DB844DB7C64}.Release|ARM.Build.0 = Release|Any CPU
		{FB96C99C-7408-467D-8FB9-0DB844DB7C64}.Release|arm64.ActiveCfg = Release|ARM64
		{FB96C99C-7408-467D-8FB9-0DB844DB7C64}.Release|arm64.Build.0 = Release|ARM64
		{FB96C99C-7408-467D-8FB9-0DB844DB7C64}.Release|x64.ActiveCfg = Release|x64
		{FB96C99C-7408-467D-8FB9-0DB844DB7C64}.Release|x64.Build.0 = Release|x64
		{FB96C99C-7408-467D-8FB9-0DB844DB7C64}.Release|x86.ActiveCfg = Release|x86
		{FB96C99C-7408-467D-8FB9-0DB844DB7C64}.Release|x86.Build.0 = Release|x86
		{05DE3A16-ABEF-4951-BD8D-6822EAFB3139}.Debug|Any CPU.ActiveCfg = Debug|Any CPU
		{05DE3A16-ABEF-4951-BD8D-6822EAFB3139}.Debug|Any CPU.Build.0 = Debug|Any CPU
		{05DE3A16-ABEF-4951-BD8D-6822EAFB3139}.Debug|ARM.ActiveCfg = Debug|Any CPU
		{05DE3A16-ABEF-4951-BD8D-6822EAFB3139}.Debug|ARM.Build.0 = Debug|Any CPU
		{05DE3A16-ABEF-4951-BD8D-6822EAFB3139}.Debug|arm64.ActiveCfg = Debug|Any CPU
		{05DE3A16-ABEF-4951-BD8D-6822EAFB3139}.Debug|arm64.Build.0 = Debug|Any CPU
		{05DE3A16-ABEF-4951-BD8D-6822EAFB3139}.Debug|x64.ActiveCfg = Debug|x64
		{05DE3A16-ABEF-4951-BD8D-6822EAFB3139}.Debug|x64.Build.0 = Debug|x64
		{05DE3A16-ABEF-4951-BD8D-6822EAFB3139}.Debug|x86.ActiveCfg = Debug|Any CPU
		{05DE3A16-ABEF-4951-BD8D-6822EAFB3139}.Debug|x86.Build.0 = Debug|Any CPU
		{05DE3A16-ABEF-4951-BD8D-6822EAFB3139}.Release|Any CPU.ActiveCfg = Release|Any CPU
		{05DE3A16-ABEF-4951-BD8D-6822EAFB3139}.Release|Any CPU.Build.0 = Release|Any CPU
		{05DE3A16-ABEF-4951-BD8D-6822EAFB3139}.Release|ARM.ActiveCfg = Release|Any CPU
		{05DE3A16-ABEF-4951-BD8D-6822EAFB3139}.Release|ARM.Build.0 = Release|Any CPU
		{05DE3A16-ABEF-4951-BD8D-6822EAFB3139}.Release|arm64.ActiveCfg = Release|ARM64
		{05DE3A16-ABEF-4951-BD8D-6822EAFB3139}.Release|arm64.Build.0 = Release|ARM64
		{05DE3A16-ABEF-4951-BD8D-6822EAFB3139}.Release|x64.ActiveCfg = Release|x64
		{05DE3A16-ABEF-4951-BD8D-6822EAFB3139}.Release|x64.Build.0 = Release|x64
		{05DE3A16-ABEF-4951-BD8D-6822EAFB3139}.Release|x86.ActiveCfg = Release|x86
		{05DE3A16-ABEF-4951-BD8D-6822EAFB3139}.Release|x86.Build.0 = Release|x86
		{E73D6710-BD64-4EFB-9CC8-D11D3B80B532}.Debug|Any CPU.ActiveCfg = Debug|Any CPU
		{E73D6710-BD64-4EFB-9CC8-D11D3B80B532}.Debug|Any CPU.Build.0 = Debug|Any CPU
		{E73D6710-BD64-4EFB-9CC8-D11D3B80B532}.Debug|ARM.ActiveCfg = Debug|Any CPU
		{E73D6710-BD64-4EFB-9CC8-D11D3B80B532}.Debug|ARM.Build.0 = Debug|Any CPU
		{E73D6710-BD64-4EFB-9CC8-D11D3B80B532}.Debug|arm64.ActiveCfg = Debug|Any CPU
		{E73D6710-BD64-4EFB-9CC8-D11D3B80B532}.Debug|arm64.Build.0 = Debug|Any CPU
		{E73D6710-BD64-4EFB-9CC8-D11D3B80B532}.Debug|x64.ActiveCfg = Debug|x64
		{E73D6710-BD64-4EFB-9CC8-D11D3B80B532}.Debug|x64.Build.0 = Debug|x64
		{E73D6710-BD64-4EFB-9CC8-D11D3B80B532}.Debug|x86.ActiveCfg = Debug|Any CPU
		{E73D6710-BD64-4EFB-9CC8-D11D3B80B532}.Debug|x86.Build.0 = Debug|Any CPU
		{E73D6710-BD64-4EFB-9CC8-D11D3B80B532}.Release|Any CPU.ActiveCfg = Release|Any CPU
		{E73D6710-BD64-4EFB-9CC8-D11D3B80B532}.Release|Any CPU.Build.0 = Release|Any CPU
		{E73D6710-BD64-4EFB-9CC8-D11D3B80B532}.Release|ARM.ActiveCfg = Release|Any CPU
		{E73D6710-BD64-4EFB-9CC8-D11D3B80B532}.Release|ARM.Build.0 = Release|Any CPU
		{E73D6710-BD64-4EFB-9CC8-D11D3B80B532}.Release|arm64.ActiveCfg = Release|ARM64
		{E73D6710-BD64-4EFB-9CC8-D11D3B80B532}.Release|arm64.Build.0 = Release|ARM64
		{E73D6710-BD64-4EFB-9CC8-D11D3B80B532}.Release|x64.ActiveCfg = Release|x64
		{E73D6710-BD64-4EFB-9CC8-D11D3B80B532}.Release|x64.Build.0 = Release|x64
		{E73D6710-BD64-4EFB-9CC8-D11D3B80B532}.Release|x86.ActiveCfg = Release|x86
		{E73D6710-BD64-4EFB-9CC8-D11D3B80B532}.Release|x86.Build.0 = Release|x86
	EndGlobalSection
	GlobalSection(SolutionProperties) = preSolution
		HideSolutionNode = FALSE
	EndGlobalSection
	GlobalSection(NestedProjects) = preSolution
		{435FEFA3-007B-4076-B7C9-39AE69D30074} = {803CB8AA-C336-45D2-B231-FD9CC6A937A4}
		{759AC146-3414-4BBE-B995-70589A6053D7} = {82BD962A-D4E8-49BE-98BF-3C337281F3D9}
		{38B4A1BE-6391-4FD1-9186-D08C3DA572A5} = {82BD962A-D4E8-49BE-98BF-3C337281F3D9}
		{1C092934-2881-453B-9986-EC1F4F2DCD4C} = {38B4A1BE-6391-4FD1-9186-D08C3DA572A5}
		{2F5B3544-4950-4BE3-874A-F72F73F82252} = {38B4A1BE-6391-4FD1-9186-D08C3DA572A5}
		{8D1E7B97-2460-46F0-B055-04A0CB4D055D} = {759AC146-3414-4BBE-B995-70589A6053D7}
		{26E83917-6F51-440A-8183-D5B1F9B1ED72} = {A6B7005B-A01A-4A1B-AED6-32761E0BEE13}
		{B91EBFCB-9A5F-4811-B88F-267B9EAFE96E} = {A6B7005B-A01A-4A1B-AED6-32761E0BEE13}
		{3FD37198-5CD4-49FE-8865-3BC637C9DFE4} = {A668C5E9-0073-4814-A972-8859873D10EA}
		{9C1AEC4E-FC5B-40E2-B002-7E8DD1DB61AC} = {82BD962A-D4E8-49BE-98BF-3C337281F3D9}
		{3D6C55E9-1D46-455A-B4D1-388478D84C65} = {9C1AEC4E-FC5B-40E2-B002-7E8DD1DB61AC}
		{10B4B99C-921B-4FE3-8D74-F7B99E1E0683} = {803CB8AA-C336-45D2-B231-FD9CC6A937A4}
		{FB96C99C-7408-467D-8FB9-0DB844DB7C64} = {803CB8AA-C336-45D2-B231-FD9CC6A937A4}
		{05DE3A16-ABEF-4951-BD8D-6822EAFB3139} = {803CB8AA-C336-45D2-B231-FD9CC6A937A4}
	EndGlobalSection
	GlobalSection(ExtensibilityGlobals) = postSolution
		SolutionGuid = {6FBF8B78-E2B6-4670-96AA-8EA7CB6E19E9}
	EndGlobalSection
EndGlobal
